
Microsoft Visual Studio Solution File, Format Version 12.00
# Visual Studio Version 17
VisualStudioVersion = 17.0.31912.275
MinimumVisualStudioVersion = 10.0.40219.1
Project("{FAE04EC0-301F-11D3-BF4B-00C04F79EFBC}") = "AdventureWorks", "AdventureWorks\AdventureWorks.csproj", "{B285BB17-5510-4FED-99F1-F3892D3AA09D}"
EndProject
Global
	GlobalSection(SolutionConfigurationPlatforms) = preSolution
		Debug|Any CPU = Debug|Any CPU
		Release|Any CPU = Release|Any CPU
	EndGlobalSection
	GlobalSection(ProjectConfigurationPlatforms) = postSolution
		{B285BB17-5510-4FED-99F1-F3892D3AA09D}.Debug|Any CPU.ActiveCfg = Debug|Any CPU
		{B285BB17-5510-4FED-99F1-F3892D3AA09D}.Debug|Any CPU.Build.0 = Debug|Any CPU
		{B285BB17-5510-4FED-99F1-F3892D3AA09D}.Release|Any CPU.ActiveCfg = Release|Any CPU
		{B285BB17-5510-4FED-99F1-F3892D3AA09D}.Release|Any CPU.Build.0 = Release|Any CPU
	EndGlobalSection
	GlobalSection(SolutionProperties) = preSolution
		HideSolutionNode = FALSE
	EndGlobalSection
	GlobalSection(ExtensibilityGlobals) = postSolution
		SolutionGuid = {350BBEF5-17EB-4BDC-88AD-E8251B8396DD}
	EndGlobalSection
EndGlobal
